// !$*UTF8*$!
{
	archiveVersion = 1;
	classes = {
	};
	objectVersion = 56;
	objects = {

/* Begin PBXBuildFile section */
		3779E619294D5ADA00E25394 /* DrawShapeApp.swift in Sources */ = {isa = PBXBuildFile; fileRef = 3779E618294D5ADA00E25394 /* DrawShapeApp.swift */; };
		3779E61B294D5ADA00E25394 /* ContentView.swift in Sources */ = {isa = PBXBuildFile; fileRef = 3779E61A294D5ADA00E25394 /* ContentView.swift */; };
		3779E61D294D5ADB00E25394 /* Assets.xcassets in Resources */ = {isa = PBXBuildFile; fileRef = 3779E61C294D5ADB00E25394 /* Assets.xcassets */; };
		3779E620294D5ADB00E25394 /* Preview Assets.xcassets in Resources */ = {isa = PBXBuildFile; fileRef = 3779E61F294D5ADB00E25394 /* Preview Assets.xcassets */; };
		3779E62A294D5ADC00E25394 /* DrawShapeTests.swift in Sources */ = {isa = PBXBuildFile; fileRef = 3779E629294D5ADC00E25394 /* DrawShapeTests.swift */; };
		3779E634294D5ADC00E25394 /* DrawShapeUITests.swift in Sources */ = {isa = PBXBuildFile; fileRef = 3779E633294D5ADC00E25394 /* DrawShapeUITests.swift */; };
		3779E636294D5ADC00E25394 /* DrawShapeUITestsLaunchTests.swift in Sources */ = {isa = PBXBuildFile; fileRef = 3779E635294D5ADC00E25394 /* DrawShapeUITestsLaunchTests.swift */; };
/* End PBXBuildFile section */

/* Begin PBXContainerItemProxy section */
		3779E626294D5ADC00E25394 /* PBXContainerItemProxy */ = {
			isa = PBXContainerItemProxy;
			containerPortal = 3779E60D294D5ADA00E25394 /* Project object */;
			proxyType = 1;
			remoteGlobalIDString = 3779E614294D5ADA00E25394;
			remoteInfo = DrawShape;
		};
		3779E630294D5ADC00E25394 /* PBXContainerItemProxy */ = {
			isa = PBXContainerItemProxy;
			containerPortal = 3779E60D294D5ADA00E25394 /* Project object */;
			proxyType = 1;
			remoteGlobalIDString = 3779E614294D5ADA00E25394;
			remoteInfo = DrawShape;
		};
/* End PBXContainerItemProxy section */

/* Begin PBXFileReference section */
		3779E615294D5ADA00E25394 /* DrawShape.app */ = {isa = PBXFileReference; explicitFileType = wrapper.application; includeInIndex = 0; path = DrawShape.app; sourceTree = BUILT_PRODUCTS_DIR; };
		3779E618294D5ADA00E25394 /* DrawShapeApp.swift */ = {isa = PBXFileReference; lastKnownFileType = sourcecode.swift; path = DrawShapeApp.swift; sourceTree = "<group>"; };
		3779E61A294D5ADA00E25394 /* ContentView.swift */ = {isa = PBXFileReference; lastKnownFileType = sourcecode.swift; path = ContentView.swift; sourceTree = "<group>"; };
		3779E61C294D5ADB00E25394 /* Assets.xcassets */ = {isa = PBXFileReference; lastKnownFileType = folder.assetcatalog; path = Assets.xcassets; sourceTree = "<group>"; };
		3779E61F294D5ADB00E25394 /* Preview Assets.xcassets */ = {isa = PBXFileReference; lastKnownFileType = folder.assetcatalog; path = "Preview Assets.xcassets"; sourceTree = "<group>"; };
		3779E625294D5ADC00E25394 /* DrawShapeTests.xctest */ = {isa = PBXFileReference; explicitFileType = wrapper.cfbundle; includeInIndex = 0; path = DrawShapeTests.xctest; sourceTree = BUILT_PRODUCTS_DIR; };
		3779E629294D5ADC00E25394 /* DrawShapeTests.swift */ = {isa = PBXFileReference; lastKnownFileType = sourcecode.swift; path = DrawShapeTests.swift; sourceTree = "<group>"; };
		3779E62F294D5ADC00E25394 /* DrawShapeUITests.xctest */ = {isa = PBXFileReference; explicitFileType = wrapper.cfbundle; includeInIndex = 0; path = DrawShapeUITests.xctest; sourceTree = BUILT_PRODUCTS_DIR; };
		3779E633294D5ADC00E25394 /* DrawShapeUITests.swift */ = {isa = PBXFileReference; lastKnownFileType = sourcecode.swift; path = DrawShapeUITests.swift; sourceTree = "<group>"; };
		3779E635294D5ADC00E25394 /* DrawShapeUITestsLaunchTests.swift */ = {isa = PBXFileReference; lastKnownFileType = sourcecode.swift; path = DrawShapeUITestsLaunchTests.swift; sourceTree = "<group>"; };
/* End PBXFileReference section */

/* Begin PBXFrameworksBuildPhase section */
		3779E612294D5ADA00E25394 /* Frameworks */ = {
			isa = PBXFrameworksBuildPhase;
			buildActionMask = 2147483647;
			files = (
			);
			runOnlyForDeploymentPostprocessing = 0;
		};
		3779E622294D5ADC00E25394 /* Frameworks */ = {
			isa = PBXFrameworksBuildPhase;
			buildActionMask = 2147483647;
			files = (
			);
			runOnlyForDeploymentPostprocessing = 0;
		};
		3779E62C294D5ADC00E25394 /* Frameworks */ = {
			isa = PBXFrameworksBuildPhase;
			buildActionMask = 2147483647;
			files = (
			);
			runOnlyForDeploymentPostprocessing = 0;
		};
/* End PBXFrameworksBuildPhase section */

/* Begin PBXGroup section */
		3779E60C294D5ADA00E25394 = {
			isa = PBXGroup;
			children = (
				3779E617294D5ADA00E25394 /* DrawShape */,
				3779E628294D5ADC00E25394 /* DrawShapeTests */,
				3779E632294D5ADC00E25394 /* DrawShapeUITests */,
				3779E616294D5ADA00E25394 /* Products */,
			);
			sourceTree = "<group>";
		};
		3779E616294D5ADA00E25394 /* Products */ = {
			isa = PBXGroup;
			children = (
				3779E615294D5ADA00E25394 /* DrawShape.app */,
				3779E625294D5ADC00E25394 /* DrawShapeTests.xctest */,
				3779E62F294D5ADC00E25394 /* DrawShapeUITests.xctest */,
			);
			name = Products;
			sourceTree = "<group>";
		};
		3779E617294D5ADA00E25394 /* DrawShape */ = {
			isa = PBXGroup;
			children = (
				3779E618294D5ADA00E25394 /* DrawShapeApp.swift */,
				3779E61A294D5ADA00E25394 /* ContentView.swift */,
				3779E61C294D5ADB00E25394 /* Assets.xcassets */,
				3779E61E294D5ADB00E25394 /* Preview Content */,
			);
			path = DrawShape;
			sourceTree = "<group>";
		};
		3779E61E294D5ADB00E25394 /* Preview Content */ = {
			isa = PBXGroup;
			children = (
				3779E61F294D5ADB00E25394 /* Preview Assets.xcassets */,
			);
			path = "Preview Content";
			sourceTree = "<group>";
		};
		3779E628294D5ADC00E25394 /* DrawShapeTests */ = {
			isa = PBXGroup;
			children = (
				3779E629294D5ADC00E25394 /* DrawShapeTests.swift */,
			);
			path = DrawShapeTests;
			sourceTree = "<group>";
		};
		3779E632294D5ADC00E25394 /* DrawShapeUITests */ = {
			isa = PBXGroup;
			children = (
				3779E633294D5ADC00E25394 /* DrawShapeUITests.swift */,
				3779E635294D5ADC00E25394 /* DrawShapeUITestsLaunchTests.swift */,
			);
			path = DrawShapeUITests;
			sourceTree = "<group>";
		};
/* End PBXGroup section */

/* Begin PBXNativeTarget section */
		3779E614294D5ADA00E25394 /* DrawShape */ = {
			isa = PBXNativeTarget;
			buildConfigurationList = 3779E639294D5ADC00E25394 /* Build configuration list for PBXNativeTarget "DrawShape" */;
			buildPhases = (
				3779E611294D5ADA00E25394 /* Sources */,
				3779E612294D5ADA00E25394 /* Frameworks */,
				3779E613294D5ADA00E25394 /* Resources */,
			);
			buildRules = (
			);
			dependencies = (
			);
			name = DrawShape;
			productName = DrawShape;
			productReference = 3779E615294D5ADA00E25394 /* DrawShape.app */;
			productType = "com.apple.product-type.application";
		};
		3779E624294D5ADC00E25394 /* DrawShapeTests */ = {
			isa = PBXNativeTarget;
			buildConfigurationList = 3779E63C294D5ADC00E25394 /* Build configuration list for PBXNativeTarget "DrawShapeTests" */;
			buildPhases = (
				3779E621294D5ADC00E25394 /* Sources */,
				3779E622294D5ADC00E25394 /* Frameworks */,
				3779E623294D5ADC00E25394 /* Resources */,
			);
			buildRules = (
			);
			dependencies = (
				3779E627294D5ADC00E25394 /* PBXTargetDependency */,
			);
			name = DrawShapeTests;
			productName = DrawShapeTests;
			productReference = 3779E625294D5ADC00E25394 /* DrawShapeTests.xctest */;
			productType = "com.apple.product-type.bundle.unit-test";
		};
		3779E62E294D5ADC00E25394 /* DrawShapeUITests */ = {
			isa = PBXNativeTarget;
			buildConfigurationList = 3779E63F294D5ADC00E25394 /* Build configuration list for PBXNativeTarget "DrawShapeUITests" */;
			buildPhases = (
				3779E62B294D5ADC00E25394 /* Sources */,
				3779E62C294D5ADC00E25394 /* Frameworks */,
				3779E62D294D5ADC00E25394 /* Resources */,
			);
			buildRules = (
			);
			dependencies = (
				3779E631294D5ADC00E25394 /* PBXTargetDependency */,
			);
			name = DrawShapeUITests;
			productName = DrawShapeUITests;
			productReference = 3779E62F294D5ADC00E25394 /* DrawShapeUITests.xctest */;
			productType = "com.apple.product-type.bundle.ui-testing";
		};
/* End PBXNativeTarget section */

/* Begin PBXProject section */
		3779E60D294D5ADA00E25394 /* Project object */ = {
			isa = PBXProject;
			attributes = {
				BuildIndependentTargetsInParallel = 1;
				LastSwiftUpdateCheck = 1410;
				LastUpgradeCheck = 1410;
				TargetAttributes = {
					3779E614294D5ADA00E25394 = {
						CreatedOnToolsVersion = 14.1;
					};
					3779E624294D5ADC00E25394 = {
						CreatedOnToolsVersion = 14.1;
						TestTargetID = 3779E614294D5ADA00E25394;
					};
					3779E62E294D5ADC00E25394 = {
						CreatedOnToolsVersion = 14.1;
						TestTargetID = 3779E614294D5ADA00E25394;
					};
				};
			};
			buildConfigurationList = 3779E610294D5ADA00E25394 /* Build configuration list for PBXProject "DrawShape" */;
			compatibilityVersion = "Xcode 14.0";
			developmentRegion = en;
			hasScannedForEncodings = 0;
			knownRegions = (
				en,
				Base,
			);
			mainGroup = 3779E60C294D5ADA00E25394;
			productRefGroup = 3779E616294D5ADA00E25394 /* Products */;
			projectDirPath = "";
			projectRoot = "";
			targets = (
				3779E614294D5ADA00E25394 /* DrawShape */,
				3779E624294D5ADC00E25394 /* DrawShapeTests */,
				3779E62E294D5ADC00E25394 /* DrawShapeUITests */,
			);
		};
/* End PBXProject section */

/* Begin PBXResourcesBuildPhase section */
		3779E613294D5ADA00E25394 /* Resources */ = {
			isa = PBXResourcesBuildPhase;
			buildActionMask = 2147483647;
			files = (
				3779E620294D5ADB00E25394 /* Preview Assets.xcassets in Resources */,
				3779E61D294D5ADB00E25394 /* Assets.xcassets in Resources */,
			);
			runOnlyForDeploymentPostprocessing = 0;
		};
		3779E623294D5ADC00E25394 /* Resources */ = {
			isa = PBXResourcesBuildPhase;
			buildActionMask = 2147483647;
			files = (
			);
			runOnlyForDeploymentPostprocessing = 0;
		};
		3779E62D294D5ADC00E25394 /* Resources */ = {
			isa = PBXResourcesBuildPhase;
			buildActionMask = 2147483647;
			files = (
			);
			runOnlyForDeploymentPostprocessing = 0;
		};
/* End PBXResourcesBuildPhase section */

/* Begin PBXSourcesBuildPhase section */
		3779E611294D5ADA00E25394 /* Sources */ = {
			isa = PBXSourcesBuildPhase;
			buildActionMask = 2147483647;
			files = (
				3779E61B294D5ADA00E25394 /* ContentView.swift in Sources */,
				3779E619294D5ADA00E25394 /* DrawShapeApp.swift in Sources */,
			);
			runOnlyForDeploymentPostprocessing = 0;
		};
		3779E621294D5ADC00E25394 /* Sources */ = {
			isa = PBXSourcesBuildPhase;
			buildActionMask = 2147483647;
			files = (
				3779E62A294D5ADC00E25394 /* DrawShapeTests.swift in Sources */,
			);
			runOnlyForDeploymentPostprocessing = 0;
		};
		3779E62B294D5ADC00E25394 /* Sources */ = {
			isa = PBXSourcesBuildPhase;
			buildActionMask = 2147483647;
			files = (
				3779E636294D5ADC00E25394 /* DrawShapeUITestsLaunchTests.swift in Sources */,
				3779E634294D5ADC00E25394 /* DrawShapeUITests.swift in Sources */,
			);
			runOnlyForDeploymentPostprocessing = 0;
		};
/* End PBXSourcesBuildPhase section */

/* Begin PBXTargetDependency section */
		3779E627294D5ADC00E25394 /* PBXTargetDependency */ = {
			isa = PBXTargetDependency;
			target = 3779E614294D5ADA00E25394 /* DrawShape */;
			targetProxy = 3779E626294D5ADC00E25394 /* PBXContainerItemProxy */;
		};
		3779E631294D5ADC00E25394 /* PBXTargetDependency */ = {
			isa = PBXTargetDependency;
			target = 3779E614294D5ADA00E25394 /* DrawShape */;
			targetProxy = 3779E630294D5ADC00E25394 /* PBXContainerItemProxy */;
		};
/* End PBXTargetDependency section */

/* Begin XCBuildConfiguration section */
		3779E637294D5ADC00E25394 /* Debug */ = {
			isa = XCBuildConfiguration;
			buildSettings = {
				ALWAYS_SEARCH_USER_PATHS = NO;
				CLANG_ANALYZER_NONNULL = YES;
				CLANG_ANALYZER_NUMBER_OBJECT_CONVERSION = YES_AGGRESSIVE;
				CLANG_CXX_LANGUAGE_STANDARD = "gnu++20";
				CLANG_ENABLE_MODULES = YES;
				CLANG_ENABLE_OBJC_ARC = YES;
				CLANG_ENABLE_OBJC_WEAK = YES;
				CLANG_WARN_BLOCK_CAPTURE_AUTORELEASING = YES;
				CLANG_WARN_BOOL_CONVERSION = YES;
				CLANG_WARN_COMMA = YES;
				CLANG_WARN_CONSTANT_CONVERSION = YES;
				CLANG_WARN_DEPRECATED_OBJC_IMPLEMENTATIONS = YES;
				CLANG_WARN_DIRECT_OBJC_ISA_USAGE = YES_ERROR;
				CLANG_WARN_DOCUMENTATION_COMMENTS = YES;
				CLANG_WARN_EMPTY_BODY = YES;
				CLANG_WARN_ENUM_CONVERSION = YES;
				CLANG_WARN_INFINITE_RECURSION = YES;
				CLANG_WARN_INT_CONVERSION = YES;
				CLANG_WARN_NON_LITERAL_NULL_CONVERSION = YES;
				CLANG_WARN_OBJC_IMPLICIT_RETAIN_SELF = YES;
				CLANG_WARN_OBJC_LITERAL_CONVERSION = YES;
				CLANG_WARN_OBJC_ROOT_CLASS = YES_ERROR;
				CLANG_WARN_QUOTED_INCLUDE_IN_FRAMEWORK_HEADER = YES;
				CLANG_WARN_RANGE_LOOP_ANALYSIS = YES;
				CLANG_WARN_STRICT_PROTOTYPES = YES;
				CLANG_WARN_SUSPICIOUS_MOVE = YES;
				CLANG_WARN_UNGUARDED_AVAILABILITY = YES_AGGRESSIVE;
				CLANG_WARN_UNREACHABLE_CODE = YES;
				CLANG_WARN__DUPLICATE_METHOD_MATCH = YES;
				COPY_PHASE_STRIP = NO;
				DEBUG_INFORMATION_FORMAT = dwarf;
				ENABLE_STRICT_OBJC_MSGSEND = YES;
				ENABLE_TESTABILITY = YES;
				GCC_C_LANGUAGE_STANDARD = gnu11;
				GCC_DYNAMIC_NO_PIC = NO;
				GCC_NO_COMMON_BLOCKS = YES;
				GCC_OPTIMIZATION_LEVEL = 0;
				GCC_PREPROCESSOR_DEFINITIONS = (
					"DEBUG=1",
					"$(inherited)",
				);
				GCC_WARN_64_TO_32_BIT_CONVERSION = YES;
				GCC_WARN_ABOUT_RETURN_TYPE = YES_ERROR;
				GCC_WARN_UNDECLARED_SELECTOR = YES;
				GCC_WARN_UNINITIALIZED_AUTOS = YES_AGGRESSIVE;
				GCC_WARN_UNUSED_FUNCTION = YES;
				GCC_WARN_UNUSED_VARIABLE = YES;
				IPHONEOS_DEPLOYMENT_TARGET = 16.1;
				MTL_ENABLE_DEBUG_INFO = INCLUDE_SOURCE;
				MTL_FAST_MATH = YES;
				ONLY_ACTIVE_ARCH = YES;
				SDKROOT = iphoneos;
				SWIFT_ACTIVE_COMPILATION_CONDITIONS = DEBUG;
				SWIFT_OPTIMIZATION_LEVEL = "-Onone";
			};
			name = Debug;
		};
		3779E638294D5ADC00E25394 /* Release */ = {
			isa = XCBuildConfiguration;
			buildSettings = {
				ALWAYS_SEARCH_USER_PATHS = NO;
				CLANG_ANALYZER_NONNULL = YES;
				CLANG_ANALYZER_NUMBER_OBJECT_CONVERSION = YES_AGGRESSIVE;
				CLANG_CXX_LANGUAGE_STANDARD = "gnu++20";
				CLANG_ENABLE_MODULES = YES;
				CLANG_ENABLE_OBJC_ARC = YES;
				CLANG_ENABLE_OBJC_WEAK = YES;
				CLANG_WARN_BLOCK_CAPTURE_AUTORELEASING = YES;
				CLANG_WARN_BOOL_CONVERSION = YES;
				CLANG_WARN_COMMA = YES;
				CLANG_WARN_CONSTANT_CONVERSION = YES;
				CLANG_WARN_DEPRECATED_OBJC_IMPLEMENTATIONS = YES;
				CLANG_WARN_DIRECT_OBJC_ISA_USAGE = YES_ERROR;
				CLANG_WARN_DOCUMENTATION_COMMENTS = YES;
				CLANG_WARN_EMPTY_BODY = YES;
				CLANG_WARN_ENUM_CONVERSION = YES;
				CLANG_WARN_INFINITE_RECURSION = YES;
				CLANG_WARN_INT_CONVERSION = YES;
				CLANG_WARN_NON_LITERAL_NULL_CONVERSION = YES;
				CLANG_WARN_OBJC_IMPLICIT_RETAIN_SELF = YES;
				CLANG_WARN_OBJC_LITERAL_CONVERSION = YES;
				CLANG_WARN_OBJC_ROOT_CLASS = YES_ERROR;
				CLANG_WARN_QUOTED_INCLUDE_IN_FRAMEWORK_HEADER = YES;
				CLANG_WARN_RANGE_LOOP_ANALYSIS = YES;
				CLANG_WARN_STRICT_PROTOTYPES = YES;
				CLANG_WARN_SUSPICIOUS_MOVE = YES;
				CLANG_WARN_UNGUARDED_AVAILABILITY = YES_AGGRESSIVE;
				CLANG_WARN_UNREACHABLE_CODE = YES;
				CLANG_WARN__DUPLICATE_METHOD_MATCH = YES;
				COPY_PHASE_STRIP = NO;
				DEBUG_INFORMATION_FORMAT = "dwarf-with-dsym";
				ENABLE_NS_ASSERTIONS = NO;
				ENABLE_STRICT_OBJC_MSGSEND = YES;
				GCC_C_LANGUAGE_STANDARD = gnu11;
				GCC_NO_COMMON_BLOCKS = YES;
				GCC_WARN_64_TO_32_BIT_CONVERSION = YES;
				GCC_WARN_ABOUT_RETURN_TYPE = YES_ERROR;
				GCC_WARN_UNDECLARED_SELECTOR = YES;
				GCC_WARN_UNINITIALIZED_AUTOS = YES_AGGRESSIVE;
				GCC_WARN_UNUSED_FUNCTION = YES;
				GCC_WARN_UNUSED_VARIABLE = YES;
				IPHONEOS_DEPLOYMENT_TARGET = 16.1;
				MTL_ENABLE_DEBUG_INFO = NO;
				MTL_FAST_MATH = YES;
				SDKROOT = iphoneos;
				SWIFT_COMPILATION_MODE = wholemodule;
				SWIFT_OPTIMIZATION_LEVEL = "-O";
				VALIDATE_PRODUCT = YES;
			};
			name = Release;
		};
		3779E63A294D5ADC00E25394 /* Debug */ = {
			isa = XCBuildConfiguration;
			buildSettings = {
				ASSETCATALOG_COMPILER_APPICON_NAME = AppIcon;
				ASSETCATALOG_COMPILER_GLOBAL_ACCENT_COLOR_NAME = AccentColor;
				CODE_SIGN_STYLE = Automatic;
				CURRENT_PROJECT_VERSION = 1;
				DEVELOPMENT_ASSET_PATHS = "\"DrawShape/Preview Content\"";
				ENABLE_PREVIEWS = YES;
				GENERATE_INFOPLIST_FILE = YES;
				INFOPLIST_KEY_UIApplicationSceneManifest_Generation = YES;
				INFOPLIST_KEY_UIApplicationSupportsIndirectInputEvents = YES;
				INFOPLIST_KEY_UILaunchScreen_Generation = YES;
				INFOPLIST_KEY_UISupportedInterfaceOrientations_iPad = "UIInterfaceOrientationPortrait UIInterfaceOrientationPortraitUpsideDown UIInterfaceOrientationLandscapeLeft UIInterfaceOrientationLandscapeRight";
				INFOPLIST_KEY_UISupportedInterfaceOrientations_iPhone = "UIInterfaceOrientationPortrait UIInterfaceOrientationLandscapeLeft UIInterfaceOrientationLandscapeRight";
				LD_RUNPATH_SEARCH_PATHS = (
					"$(inherited)",
					"@executable_path/Frameworks",
				);
				MARKETING_VERSION = 1.0;
				PRODUCT_BUNDLE_IDENTIFIER = com.rifqimuhammadaziz.DrawShape;
				PRODUCT_NAME = "$(TARGET_NAME)";
				SWIFT_EMIT_LOC_STRINGS = YES;
				SWIFT_VERSION = 5.0;
				TARGETED_DEVICE_FAMILY = "1,2";
			};
			name = Debug;
		};
		3779E63B294D5ADC00E25394 /* Release */ = {
			isa = XCBuildConfiguration;
			buildSettings = {
				ASSETCATALOG_COMPILER_APPICON_NAME = AppIcon;
				ASSETCATALOG_COMPILER_GLOBAL_ACCENT_COLOR_NAME = AccentColor;
				CODE_SIGN_STYLE = Automatic;
				CURRENT_PROJECT_VERSION = 1;
				DEVELOPMENT_ASSET_PATHS = "\"DrawShape/Preview Content\"";
				ENABLE_PREVIEWS = YES;
				GENERATE_INFOPLIST_FILE = YES;
				INFOPLIST_KEY_UIApplicationSceneManifest_Generation = YES;
				INFOPLIST_KEY_UIApplicationSupportsIndirectInputEvents = YES;
				INFOPLIST_KEY_UILaunchScreen_Generation = YES;
				INFOPLIST_KEY_UISupportedInterfaceOrientations_iPad = "UIInterfaceOrientationPortrait UIInterfaceOrientationPortraitUpsideDown UIInterfaceOrientationLandscapeLeft UIInterfaceOrientationLandscapeRight";
				INFOPLIST_KEY_UISupportedInterfaceOrientations_iPhone = "UIInterfaceOrientationPortrait UIInterfaceOrientationLandscapeLeft UIInterfaceOrientationLandscapeRight";
				LD_RUNPATH_SEARCH_PATHS = (
					"$(inherited)",
					"@executable_path/Frameworks",
				);
				MARKETING_VERSION = 1.0;
				PRODUCT_BUNDLE_IDENTIFIER = com.rifqimuhammadaziz.DrawShape;
				PRODUCT_NAME = "$(TARGET_NAME)";
				SWIFT_EMIT_LOC_STRINGS = YES;
				SWIFT_VERSION = 5.0;
				TARGETED_DEVICE_FAMILY = "1,2";
			};
			name = Release;
		};
		3779E63D294D5ADC00E25394 /* Debug */ = {
			isa = XCBuildConfiguration;
			buildSettings = {
				ALWAYS_EMBED_SWIFT_STANDARD_LIBRARIES = YES;
				BUNDLE_LOADER = "$(TEST_HOST)";
				CODE_SIGN_STYLE = Automatic;
				CURRENT_PROJECT_VERSION = 1;
				GENERATE_INFOPLIST_FILE = YES;
				IPHONEOS_DEPLOYMENT_TARGET = 16.1;
				MARKETING_VERSION = 1.0;
				PRODUCT_BUNDLE_IDENTIFIER = com.rifqimuhammadaziz.DrawShapeTests;
				PRODUCT_NAME = "$(TARGET_NAME)";
				SWIFT_EMIT_LOC_STRINGS = NO;
				SWIFT_VERSION = 5.0;
				TARGETED_DEVICE_FAMILY = "1,2";
				TEST_HOST = "$(BUILT_PRODUCTS_DIR)/DrawShape.app/$(BUNDLE_EXECUTABLE_FOLDER_PATH)/DrawShape";
			};
			name = Debug;
		};
		3779E63E294D5ADC00E25394 /* Release */ = {
			isa = XCBuildConfiguration;
			buildSettings = {
				ALWAYS_EMBED_SWIFT_STANDARD_LIBRARIES = YES;
				BUNDLE_LOADER = "$(TEST_HOST)";
				CODE_SIGN_STYLE = Automatic;
				CURRENT_PROJECT_VERSION = 1;
				GENERATE_INFOPLIST_FILE = YES;
				IPHONEOS_DEPLOYMENT_TARGET = 16.1;
				MARKETING_VERSION = 1.0;
				PRODUCT_BUNDLE_IDENTIFIER = com.rifqimuhammadaziz.DrawShapeTests;
				PRODUCT_NAME = "$(TARGET_NAME)";
				SWIFT_EMIT_LOC_STRINGS = NO;
				SWIFT_VERSION = 5.0;
				TARGETED_DEVICE_FAMILY = "1,2";
				TEST_HOST = "$(BUILT_PRODUCTS_DIR)/DrawShape.app/$(BUNDLE_EXECUTABLE_FOLDER_PATH)/DrawShape";
			};
			name = Release;
		};
		3779E640294D5ADC00E25394 /* Debug */ = {
			isa = XCBuildConfiguration;
			buildSettings = {
				ALWAYS_EMBED_SWIFT_STANDARD_LIBRARIES = YES;
				CODE_SIGN_STYLE = Automatic;
				CURRENT_PROJECT_VERSION = 1;
				GENERATE_INFOPLIST_FILE = YES;
				MARKETING_VERSION = 1.0;
				PRODUCT_BUNDLE_IDENTIFIER = com.rifqimuhammadaziz.DrawShapeUITests;
				PRODUCT_NAME = "$(TARGET_NAME)";
				SWIFT_EMIT_LOC_STRINGS = NO;
				SWIFT_VERSION = 5.0;
				TARGETED_DEVICE_FAMILY = "1,2";
				TEST_TARGET_NAME = DrawShape;
			};
			name = Debug;
		};
		3779E641294D5ADC00E25394 /* Release */ = {
			isa = XCBuildConfiguration;
			buildSettings = {
				ALWAYS_EMBED_SWIFT_STANDARD_LIBRARIES = YES;
				CODE_SIGN_STYLE = Automatic;
				CURRENT_PROJECT_VERSION = 1;
				GENERATE_INFOPLIST_FILE = YES;
				MARKETING_VERSION = 1.0;
				PRODUCT_BUNDLE_IDENTIFIER = com.rifqimuhammadaziz.DrawShapeUITests;
				PRODUCT_NAME = "$(TARGET_NAME)";
				SWIFT_EMIT_LOC_STRINGS = NO;
				SWIFT_VERSION = 5.0;
				TARGETED_DEVICE_FAMILY = "1,2";
				TEST_TARGET_NAME = DrawShape;
			};
			name = Release;
		};
/* End XCBuildConfiguration section */

/* Begin XCConfigurationList section */
		3779E610294D5ADA00E25394 /* Build configuration list for PBXProject "DrawShape" */ = {
			isa = XCConfigurationList;
			buildConfigurations = (
				3779E637294D5ADC00E25394 /* Debug */,
				3779E638294D5ADC00E25394 /* Release */,
			);
			defaultConfigurationIsVisible = 0;
			defaultConfigurationName = Release;
		};
		3779E639294D5ADC00E25394 /* Build configuration list for PBXNativeTarget "DrawShape" */ = {
			isa = XCConfigurationList;
			buildConfigurations = (
				3779E63A294D5ADC00E25394 /* Debug */,
				3779E63B294D5ADC00E25394 /* Release */,
			);
			defaultConfigurationIsVisible = 0;
			defaultConfigurationName = Release;
		};
		3779E63C294D5ADC00E25394 /* Build configuration list for PBXNativeTarget "DrawShapeTests" */ = {
			isa = XCConfigurationList;
			buildConfigurations = (
				3779E63D294D5ADC00E25394 /* Debug */,
				3779E63E294D5ADC00E25394 /* Release */,
			);
			defaultConfigurationIsVisible = 0;
			defaultConfigurationName = Release;
		};
		3779E63F294D5ADC00E25394 /* Build configuration list for PBXNativeTarget "DrawShapeUITests" */ = {
			isa = XCConfigurationList;
			buildConfigurations = (
				3779E640294D5ADC00E25394 /* Debug */,
				3779E641294D5ADC00E25394 /* Release */,
			);
			defaultConfigurationIsVisible = 0;
			defaultConfigurationName = Release;
		};
/* End XCConfigurationList section */
	};
	rootObject = 3779E60D294D5ADA00E25394 /* Project object */;
}
