// !$*UTF8*$!
{
	archiveVersion = 1;
	classes = {
	};
	objectVersion = 56;
	objects = {

/* Begin PBXBuildFile section */
		373E508A2972394400B43486 /* SafeAreaPractice.swift in Sources */ = {isa = PBXBuildFile; fileRef = 373E50892972394400B43486 /* SafeAreaPractice.swift */; };
		373E508C29723E4000B43486 /* ButtonsPractice.swift in Sources */ = {isa = PBXBuildFile; fileRef = 373E508B29723E4000B43486 /* ButtonsPractice.swift */; };
		373E508E29729EB300B43486 /* StatePractice.swift in Sources */ = {isa = PBXBuildFile; fileRef = 373E508D29729EB300B43486 /* StatePractice.swift */; };
		373E50902972A52E00B43486 /* ExtractedFunctionPractice.swift in Sources */ = {isa = PBXBuildFile; fileRef = 373E508F2972A52E00B43486 /* ExtractedFunctionPractice.swift */; };
		376473D029595F11007F51AF /* TextPractice.swift in Sources */ = {isa = PBXBuildFile; fileRef = 376473CF29595F11007F51AF /* TextPractice.swift */; };
		376473D229596442007F51AF /* ShapesPractice.swift in Sources */ = {isa = PBXBuildFile; fileRef = 376473D129596442007F51AF /* ShapesPractice.swift */; };
		376473D429596FFD007F51AF /* ColorsPractice.swift in Sources */ = {isa = PBXBuildFile; fileRef = 376473D329596FFD007F51AF /* ColorsPractice.swift */; };
		376473D629598498007F51AF /* GradientsPractice.swift in Sources */ = {isa = PBXBuildFile; fileRef = 376473D529598498007F51AF /* GradientsPractice.swift */; };
		376473D829598903007F51AF /* IconsPractice.swift in Sources */ = {isa = PBXBuildFile; fileRef = 376473D729598903007F51AF /* IconsPractice.swift */; };
		376473DA29598DEE007F51AF /* ImagesPractice.swift in Sources */ = {isa = PBXBuildFile; fileRef = 376473D929598DEE007F51AF /* ImagesPractice.swift */; };
		376473DC295997CA007F51AF /* FramePractice.swift in Sources */ = {isa = PBXBuildFile; fileRef = 376473DB295997CA007F51AF /* FramePractice.swift */; };
		376473DE29599C3A007F51AF /* BackgroundAndOverlayPractice.swift in Sources */ = {isa = PBXBuildFile; fileRef = 376473DD29599C3A007F51AF /* BackgroundAndOverlayPractice.swift */; };
		378B584829593FA200A235C3 /* SwiftfulThinkingBootcampApp.swift in Sources */ = {isa = PBXBuildFile; fileRef = 378B584729593FA200A235C3 /* SwiftfulThinkingBootcampApp.swift */; };
		378B584A29593FA200A235C3 /* ContentView.swift in Sources */ = {isa = PBXBuildFile; fileRef = 378B584929593FA200A235C3 /* ContentView.swift */; };
		378B584C29593FA400A235C3 /* Assets.xcassets in Resources */ = {isa = PBXBuildFile; fileRef = 378B584B29593FA400A235C3 /* Assets.xcassets */; };
		378B584F29593FA400A235C3 /* Preview Assets.xcassets in Resources */ = {isa = PBXBuildFile; fileRef = 378B584E29593FA400A235C3 /* Preview Assets.xcassets */; };
		378C582229765DF6000E3A9C /* ExtractSubviewsPractice.swift in Sources */ = {isa = PBXBuildFile; fileRef = 378C582129765DF6000E3A9C /* ExtractSubviewsPractice.swift */; };
		378C582429766E2E000E3A9C /* BindingPractice.swift in Sources */ = {isa = PBXBuildFile; fileRef = 378C582329766E2E000E3A9C /* BindingPractice.swift */; };
		378C5826297794DC000E3A9C /* ConditionalStatementsPractice.swift in Sources */ = {isa = PBXBuildFile; fileRef = 378C5825297794DC000E3A9C /* ConditionalStatementsPractice.swift */; };
		378C582829779EBE000E3A9C /* TernaryOperatorPractice.swift in Sources */ = {isa = PBXBuildFile; fileRef = 378C582729779EBE000E3A9C /* TernaryOperatorPractice.swift */; };
		378C582A2977A22F000E3A9C /* AnimationPractice.swift in Sources */ = {isa = PBXBuildFile; fileRef = 378C58292977A22F000E3A9C /* AnimationPractice.swift */; };
		378C582C2977AB79000E3A9C /* AnimationTimingPractice.swift in Sources */ = {isa = PBXBuildFile; fileRef = 378C582B2977AB79000E3A9C /* AnimationTimingPractice.swift */; };
		378C582E2977B324000E3A9C /* TransitionPractice.swift in Sources */ = {isa = PBXBuildFile; fileRef = 378C582D2977B324000E3A9C /* TransitionPractice.swift */; };
		378C58302977CD55000E3A9C /* SheetsPractice.swift in Sources */ = {isa = PBXBuildFile; fileRef = 378C582F2977CD55000E3A9C /* SheetsPractice.swift */; };
		378C58322977D23F000E3A9C /* PopoverPractice.swift in Sources */ = {isa = PBXBuildFile; fileRef = 378C58312977D23F000E3A9C /* PopoverPractice.swift */; };
		378C58342977D8AE000E3A9C /* NavigationViewPractice.swift in Sources */ = {isa = PBXBuildFile; fileRef = 378C58332977D8AE000E3A9C /* NavigationViewPractice.swift */; };
		378C58362977E8B5000E3A9C /* ListPractice.swift in Sources */ = {isa = PBXBuildFile; fileRef = 378C58352977E8B5000E3A9C /* ListPractice.swift */; };
		378C583829781C94000E3A9C /* AlertPractice.swift in Sources */ = {isa = PBXBuildFile; fileRef = 378C583729781C94000E3A9C /* AlertPractice.swift */; };
		378C583A297822C0000E3A9C /* ActionSheetPractice.swift in Sources */ = {isa = PBXBuildFile; fileRef = 378C5839297822C0000E3A9C /* ActionSheetPractice.swift */; };
		378C583C2978E1B5000E3A9C /* ContextMenuPractice.swift in Sources */ = {isa = PBXBuildFile; fileRef = 378C583B2978E1B5000E3A9C /* ContextMenuPractice.swift */; };
		379977D5295D40A100B234D9 /* StacksPractice.swift in Sources */ = {isa = PBXBuildFile; fileRef = 379977D4295D40A100B234D9 /* StacksPractice.swift */; };
		379977D7295D4B3000B234D9 /* PaddingAndSpacerPractice.swift in Sources */ = {isa = PBXBuildFile; fileRef = 379977D6295D4B3000B234D9 /* PaddingAndSpacerPractice.swift */; };
		379977D9295D961400B234D9 /* SpacerPractice.swift in Sources */ = {isa = PBXBuildFile; fileRef = 379977D8295D961400B234D9 /* SpacerPractice.swift */; };
		379977DB295D9B4B00B234D9 /* InitializerPractice.swift in Sources */ = {isa = PBXBuildFile; fileRef = 379977DA295D9B4B00B234D9 /* InitializerPractice.swift */; };
		379B655129693B7A00CC26A3 /* ForEachPractice.swift in Sources */ = {isa = PBXBuildFile; fileRef = 379B655029693B7A00CC26A3 /* ForEachPractice.swift */; };
		37DB4D68296D04B000947F63 /* ScrollViewPractice.swift in Sources */ = {isa = PBXBuildFile; fileRef = 37DB4D67296D04B000947F63 /* ScrollViewPractice.swift */; };
		37DB4D6A296D128B00947F63 /* GridPractice.swift in Sources */ = {isa = PBXBuildFile; fileRef = 37DB4D69296D128B00947F63 /* GridPractice.swift */; };
/* End PBXBuildFile section */

/* Begin PBXFileReference section */
		373E50892972394400B43486 /* SafeAreaPractice.swift */ = {isa = PBXFileReference; lastKnownFileType = sourcecode.swift; path = SafeAreaPractice.swift; sourceTree = "<group>"; };
		373E508B29723E4000B43486 /* ButtonsPractice.swift */ = {isa = PBXFileReference; lastKnownFileType = sourcecode.swift; path = ButtonsPractice.swift; sourceTree = "<group>"; };
		373E508D29729EB300B43486 /* StatePractice.swift */ = {isa = PBXFileReference; lastKnownFileType = sourcecode.swift; path = StatePractice.swift; sourceTree = "<group>"; };
		373E508F2972A52E00B43486 /* ExtractedFunctionPractice.swift */ = {isa = PBXFileReference; lastKnownFileType = sourcecode.swift; path = ExtractedFunctionPractice.swift; sourceTree = "<group>"; };
		376473CF29595F11007F51AF /* TextPractice.swift */ = {isa = PBXFileReference; lastKnownFileType = sourcecode.swift; path = TextPractice.swift; sourceTree = "<group>"; };
		376473D129596442007F51AF /* ShapesPractice.swift */ = {isa = PBXFileReference; lastKnownFileType = sourcecode.swift; path = ShapesPractice.swift; sourceTree = "<group>"; };
		376473D329596FFD007F51AF /* ColorsPractice.swift */ = {isa = PBXFileReference; lastKnownFileType = sourcecode.swift; path = ColorsPractice.swift; sourceTree = "<group>"; };
		376473D529598498007F51AF /* GradientsPractice.swift */ = {isa = PBXFileReference; lastKnownFileType = sourcecode.swift; path = GradientsPractice.swift; sourceTree = "<group>"; };
		376473D729598903007F51AF /* IconsPractice.swift */ = {isa = PBXFileReference; lastKnownFileType = sourcecode.swift; path = IconsPractice.swift; sourceTree = "<group>"; };
		376473D929598DEE007F51AF /* ImagesPractice.swift */ = {isa = PBXFileReference; lastKnownFileType = sourcecode.swift; path = ImagesPractice.swift; sourceTree = "<group>"; };
		376473DB295997CA007F51AF /* FramePractice.swift */ = {isa = PBXFileReference; lastKnownFileType = sourcecode.swift; path = FramePractice.swift; sourceTree = "<group>"; };
		376473DD29599C3A007F51AF /* BackgroundAndOverlayPractice.swift */ = {isa = PBXFileReference; lastKnownFileType = sourcecode.swift; path = BackgroundAndOverlayPractice.swift; sourceTree = "<group>"; };
		378B584429593FA200A235C3 /* SwiftfulThinkingBootcamp.app */ = {isa = PBXFileReference; explicitFileType = wrapper.application; includeInIndex = 0; path = SwiftfulThinkingBootcamp.app; sourceTree = BUILT_PRODUCTS_DIR; };
		378B584729593FA200A235C3 /* SwiftfulThinkingBootcampApp.swift */ = {isa = PBXFileReference; lastKnownFileType = sourcecode.swift; path = SwiftfulThinkingBootcampApp.swift; sourceTree = "<group>"; };
		378B584929593FA200A235C3 /* ContentView.swift */ = {isa = PBXFileReference; lastKnownFileType = sourcecode.swift; path = ContentView.swift; sourceTree = "<group>"; };
		378B584B29593FA400A235C3 /* Assets.xcassets */ = {isa = PBXFileReference; lastKnownFileType = folder.assetcatalog; path = Assets.xcassets; sourceTree = "<group>"; };
		378B584E29593FA400A235C3 /* Preview Assets.xcassets */ = {isa = PBXFileReference; lastKnownFileType = folder.assetcatalog; path = "Preview Assets.xcassets"; sourceTree = "<group>"; };
		378C582129765DF6000E3A9C /* ExtractSubviewsPractice.swift */ = {isa = PBXFileReference; lastKnownFileType = sourcecode.swift; path = ExtractSubviewsPractice.swift; sourceTree = "<group>"; };
		378C582329766E2E000E3A9C /* BindingPractice.swift */ = {isa = PBXFileReference; lastKnownFileType = sourcecode.swift; path = BindingPractice.swift; sourceTree = "<group>"; };
		378C5825297794DC000E3A9C /* ConditionalStatementsPractice.swift */ = {isa = PBXFileReference; lastKnownFileType = sourcecode.swift; path = ConditionalStatementsPractice.swift; sourceTree = "<group>"; };
		378C582729779EBE000E3A9C /* TernaryOperatorPractice.swift */ = {isa = PBXFileReference; lastKnownFileType = sourcecode.swift; path = TernaryOperatorPractice.swift; sourceTree = "<group>"; };
		378C58292977A22F000E3A9C /* AnimationPractice.swift */ = {isa = PBXFileReference; lastKnownFileType = sourcecode.swift; path = AnimationPractice.swift; sourceTree = "<group>"; };
		378C582B2977AB79000E3A9C /* AnimationTimingPractice.swift */ = {isa = PBXFileReference; lastKnownFileType = sourcecode.swift; path = AnimationTimingPractice.swift; sourceTree = "<group>"; };
		378C582D2977B324000E3A9C /* TransitionPractice.swift */ = {isa = PBXFileReference; lastKnownFileType = sourcecode.swift; path = TransitionPractice.swift; sourceTree = "<group>"; };
		378C582F2977CD55000E3A9C /* SheetsPractice.swift */ = {isa = PBXFileReference; lastKnownFileType = sourcecode.swift; path = SheetsPractice.swift; sourceTree = "<group>"; };
		378C58312977D23F000E3A9C /* PopoverPractice.swift */ = {isa = PBXFileReference; lastKnownFileType = sourcecode.swift; path = PopoverPractice.swift; sourceTree = "<group>"; };
		378C58332977D8AE000E3A9C /* NavigationViewPractice.swift */ = {isa = PBXFileReference; lastKnownFileType = sourcecode.swift; path = NavigationViewPractice.swift; sourceTree = "<group>"; };
		378C58352977E8B5000E3A9C /* ListPractice.swift */ = {isa = PBXFileReference; lastKnownFileType = sourcecode.swift; path = ListPractice.swift; sourceTree = "<group>"; };
		378C583729781C94000E3A9C /* AlertPractice.swift */ = {isa = PBXFileReference; lastKnownFileType = sourcecode.swift; path = AlertPractice.swift; sourceTree = "<group>"; };
		378C5839297822C0000E3A9C /* ActionSheetPractice.swift */ = {isa = PBXFileReference; lastKnownFileType = sourcecode.swift; path = ActionSheetPractice.swift; sourceTree = "<group>"; };
		378C583B2978E1B5000E3A9C /* ContextMenuPractice.swift */ = {isa = PBXFileReference; lastKnownFileType = sourcecode.swift; path = ContextMenuPractice.swift; sourceTree = "<group>"; };
		379977D4295D40A100B234D9 /* StacksPractice.swift */ = {isa = PBXFileReference; lastKnownFileType = sourcecode.swift; path = StacksPractice.swift; sourceTree = "<group>"; };
		379977D6295D4B3000B234D9 /* PaddingAndSpacerPractice.swift */ = {isa = PBXFileReference; lastKnownFileType = sourcecode.swift; path = PaddingAndSpacerPractice.swift; sourceTree = "<group>"; };
		379977D8295D961400B234D9 /* SpacerPractice.swift */ = {isa = PBXFileReference; lastKnownFileType = sourcecode.swift; path = SpacerPractice.swift; sourceTree = "<group>"; };
		379977DA295D9B4B00B234D9 /* InitializerPractice.swift */ = {isa = PBXFileReference; lastKnownFileType = sourcecode.swift; path = InitializerPractice.swift; sourceTree = "<group>"; };
		379B655029693B7A00CC26A3 /* ForEachPractice.swift */ = {isa = PBXFileReference; lastKnownFileType = sourcecode.swift; path = ForEachPractice.swift; sourceTree = "<group>"; };
		37DB4D67296D04B000947F63 /* ScrollViewPractice.swift */ = {isa = PBXFileReference; lastKnownFileType = sourcecode.swift; path = ScrollViewPractice.swift; sourceTree = "<group>"; };
		37DB4D69296D128B00947F63 /* GridPractice.swift */ = {isa = PBXFileReference; lastKnownFileType = sourcecode.swift; path = GridPractice.swift; sourceTree = "<group>"; };
/* End PBXFileReference section */

/* Begin PBXFrameworksBuildPhase section */
		378B584129593FA200A235C3 /* Frameworks */ = {
			isa = PBXFrameworksBuildPhase;
			buildActionMask = 2147483647;
			files = (
			);
			runOnlyForDeploymentPostprocessing = 0;
		};
/* End PBXFrameworksBuildPhase section */

/* Begin PBXGroup section */
		378B583B29593FA200A235C3 = {
			isa = PBXGroup;
			children = (
				378B584629593FA200A235C3 /* SwiftfulThinkingBootcamp */,
				378B584529593FA200A235C3 /* Products */,
			);
			sourceTree = "<group>";
		};
		378B584529593FA200A235C3 /* Products */ = {
			isa = PBXGroup;
			children = (
				378B584429593FA200A235C3 /* SwiftfulThinkingBootcamp.app */,
			);
			name = Products;
			sourceTree = "<group>";
		};
		378B584629593FA200A235C3 /* SwiftfulThinkingBootcamp */ = {
			isa = PBXGroup;
			children = (
				376473D329596FFD007F51AF /* ColorsPractice.swift */,
				376473D529598498007F51AF /* GradientsPractice.swift */,
				376473D729598903007F51AF /* IconsPractice.swift */,
				376473D929598DEE007F51AF /* ImagesPractice.swift */,
				376473DB295997CA007F51AF /* FramePractice.swift */,
				376473DD29599C3A007F51AF /* BackgroundAndOverlayPractice.swift */,
				379977D4295D40A100B234D9 /* StacksPractice.swift */,
				379977D6295D4B3000B234D9 /* PaddingAndSpacerPractice.swift */,
				379977D8295D961400B234D9 /* SpacerPractice.swift */,
				379977DA295D9B4B00B234D9 /* InitializerPractice.swift */,
				379B655029693B7A00CC26A3 /* ForEachPractice.swift */,
				37DB4D67296D04B000947F63 /* ScrollViewPractice.swift */,
				37DB4D69296D128B00947F63 /* GridPractice.swift */,
				373E50892972394400B43486 /* SafeAreaPractice.swift */,
				373E508B29723E4000B43486 /* ButtonsPractice.swift */,
				373E508D29729EB300B43486 /* StatePractice.swift */,
				373E508F2972A52E00B43486 /* ExtractedFunctionPractice.swift */,
				378C582129765DF6000E3A9C /* ExtractSubviewsPractice.swift */,
				378C582329766E2E000E3A9C /* BindingPractice.swift */,
				378C5825297794DC000E3A9C /* ConditionalStatementsPractice.swift */,
				378C582729779EBE000E3A9C /* TernaryOperatorPractice.swift */,
				378C58292977A22F000E3A9C /* AnimationPractice.swift */,
				378C582B2977AB79000E3A9C /* AnimationTimingPractice.swift */,
				378C582D2977B324000E3A9C /* TransitionPractice.swift */,
				378C582F2977CD55000E3A9C /* SheetsPractice.swift */,
				378C58312977D23F000E3A9C /* PopoverPractice.swift */,
				378C58332977D8AE000E3A9C /* NavigationViewPractice.swift */,
				378C58352977E8B5000E3A9C /* ListPractice.swift */,
				378C583729781C94000E3A9C /* AlertPractice.swift */,
				378C5839297822C0000E3A9C /* ActionSheetPractice.swift */,
				378C583B2978E1B5000E3A9C /* ContextMenuPractice.swift */,
				378B584929593FA200A235C3 /* ContentView.swift */,
				376473D129596442007F51AF /* ShapesPractice.swift */,
				378B584729593FA200A235C3 /* SwiftfulThinkingBootcampApp.swift */,
				376473CF29595F11007F51AF /* TextPractice.swift */,
				378B584B29593FA400A235C3 /* Assets.xcassets */,
				378B584D29593FA400A235C3 /* Preview Content */,
			);
			path = SwiftfulThinkingBootcamp;
			sourceTree = "<group>";
		};
		378B584D29593FA400A235C3 /* Preview Content */ = {
			isa = PBXGroup;
			children = (
				378B584E29593FA400A235C3 /* Preview Assets.xcassets */,
			);
			path = "Preview Content";
			sourceTree = "<group>";
		};
/* End PBXGroup section */

/* Begin PBXNativeTarget section */
		378B584329593FA200A235C3 /* SwiftfulThinkingBootcamp */ = {
			isa = PBXNativeTarget;
			buildConfigurationList = 378B585229593FA400A235C3 /* Build configuration list for PBXNativeTarget "SwiftfulThinkingBootcamp" */;
			buildPhases = (
				378B584029593FA200A235C3 /* Sources */,
				378B584129593FA200A235C3 /* Frameworks */,
				378B584229593FA200A235C3 /* Resources */,
			);
			buildRules = (
			);
			dependencies = (
			);
			name = SwiftfulThinkingBootcamp;
			productName = SwiftfulThinkingBootcamp;
			productReference = 378B584429593FA200A235C3 /* SwiftfulThinkingBootcamp.app */;
			productType = "com.apple.product-type.application";
		};
/* End PBXNativeTarget section */

/* Begin PBXProject section */
		378B583C29593FA200A235C3 /* Project object */ = {
			isa = PBXProject;
			attributes = {
				BuildIndependentTargetsInParallel = 1;
				LastSwiftUpdateCheck = 1410;
				LastUpgradeCheck = 1410;
				TargetAttributes = {
					378B584329593FA200A235C3 = {
						CreatedOnToolsVersion = 14.1;
					};
				};
			};
			buildConfigurationList = 378B583F29593FA200A235C3 /* Build configuration list for PBXProject "SwiftfulThinkingBootcamp" */;
			compatibilityVersion = "Xcode 14.0";
			developmentRegion = en;
			hasScannedForEncodings = 0;
			knownRegions = (
				en,
				Base,
			);
			mainGroup = 378B583B29593FA200A235C3;
			productRefGroup = 378B584529593FA200A235C3 /* Products */;
			projectDirPath = "";
			projectRoot = "";
			targets = (
				378B584329593FA200A235C3 /* SwiftfulThinkingBootcamp */,
			);
		};
/* End PBXProject section */

/* Begin PBXResourcesBuildPhase section */
		378B584229593FA200A235C3 /* Resources */ = {
			isa = PBXResourcesBuildPhase;
			buildActionMask = 2147483647;
			files = (
				378B584F29593FA400A235C3 /* Preview Assets.xcassets in Resources */,
				378B584C29593FA400A235C3 /* Assets.xcassets in Resources */,
			);
			runOnlyForDeploymentPostprocessing = 0;
		};
/* End PBXResourcesBuildPhase section */

/* Begin PBXSourcesBuildPhase section */
		378B584029593FA200A235C3 /* Sources */ = {
			isa = PBXSourcesBuildPhase;
			buildActionMask = 2147483647;
			files = (
				378C58322977D23F000E3A9C /* PopoverPractice.swift in Sources */,
				378C582229765DF6000E3A9C /* ExtractSubviewsPractice.swift in Sources */,
				376473DA29598DEE007F51AF /* ImagesPractice.swift in Sources */,
				378C582C2977AB79000E3A9C /* AnimationTimingPractice.swift in Sources */,
				379B655129693B7A00CC26A3 /* ForEachPractice.swift in Sources */,
				376473DC295997CA007F51AF /* FramePractice.swift in Sources */,
				376473D629598498007F51AF /* GradientsPractice.swift in Sources */,
				378C582A2977A22F000E3A9C /* AnimationPractice.swift in Sources */,
				378C583829781C94000E3A9C /* AlertPractice.swift in Sources */,
				378C58342977D8AE000E3A9C /* NavigationViewPractice.swift in Sources */,
				379977D9295D961400B234D9 /* SpacerPractice.swift in Sources */,
				378B584A29593FA200A235C3 /* ContentView.swift in Sources */,
				373E50902972A52E00B43486 /* ExtractedFunctionPractice.swift in Sources */,
				378B584829593FA200A235C3 /* SwiftfulThinkingBootcampApp.swift in Sources */,
				376473DE29599C3A007F51AF /* BackgroundAndOverlayPractice.swift in Sources */,
				373E508C29723E4000B43486 /* ButtonsPractice.swift in Sources */,
				37DB4D68296D04B000947F63 /* ScrollViewPractice.swift in Sources */,
				376473D229596442007F51AF /* ShapesPractice.swift in Sources */,
				376473D829598903007F51AF /* IconsPractice.swift in Sources */,
				379977DB295D9B4B00B234D9 /* InitializerPractice.swift in Sources */,
				378C582E2977B324000E3A9C /* TransitionPractice.swift in Sources */,
				378C58362977E8B5000E3A9C /* ListPractice.swift in Sources */,
				379977D7295D4B3000B234D9 /* PaddingAndSpacerPractice.swift in Sources */,
				376473D429596FFD007F51AF /* ColorsPractice.swift in Sources */,
				378C583A297822C0000E3A9C /* ActionSheetPractice.swift in Sources */,
				378C582429766E2E000E3A9C /* BindingPractice.swift in Sources */,
				376473D029595F11007F51AF /* TextPractice.swift in Sources */,
				379977D5295D40A100B234D9 /* StacksPractice.swift in Sources */,
				378C58302977CD55000E3A9C /* SheetsPractice.swift in Sources */,
				373E508A2972394400B43486 /* SafeAreaPractice.swift in Sources */,
				378C5826297794DC000E3A9C /* ConditionalStatementsPractice.swift in Sources */,
				373E508E29729EB300B43486 /* StatePractice.swift in Sources */,
				378C583C2978E1B5000E3A9C /* ContextMenuPractice.swift in Sources */,
				378C582829779EBE000E3A9C /* TernaryOperatorPractice.swift in Sources */,
				37DB4D6A296D128B00947F63 /* GridPractice.swift in Sources */,
			);
			runOnlyForDeploymentPostprocessing = 0;
		};
/* End PBXSourcesBuildPhase section */

/* Begin XCBuildConfiguration section */
		378B585029593FA400A235C3 /* Debug */ = {
			isa = XCBuildConfiguration;
			buildSettings = {
				ALWAYS_SEARCH_USER_PATHS = NO;
				CLANG_ANALYZER_NONNULL = YES;
				CLANG_ANALYZER_NUMBER_OBJECT_CONVERSION = YES_AGGRESSIVE;
				CLANG_CXX_LANGUAGE_STANDARD = "gnu++20";
				CLANG_ENABLE_MODULES = YES;
				CLANG_ENABLE_OBJC_ARC = YES;
				CLANG_ENABLE_OBJC_WEAK = YES;
				CLANG_WARN_BLOCK_CAPTURE_AUTORELEASING = YES;
				CLANG_WARN_BOOL_CONVERSION = YES;
				CLANG_WARN_COMMA = YES;
				CLANG_WARN_CONSTANT_CONVERSION = YES;
				CLANG_WARN_DEPRECATED_OBJC_IMPLEMENTATIONS = YES;
				CLANG_WARN_DIRECT_OBJC_ISA_USAGE = YES_ERROR;
				CLANG_WARN_DOCUMENTATION_COMMENTS = YES;
				CLANG_WARN_EMPTY_BODY = YES;
				CLANG_WARN_ENUM_CONVERSION = YES;
				CLANG_WARN_INFINITE_RECURSION = YES;
				CLANG_WARN_INT_CONVERSION = YES;
				CLANG_WARN_NON_LITERAL_NULL_CONVERSION = YES;
				CLANG_WARN_OBJC_IMPLICIT_RETAIN_SELF = YES;
				CLANG_WARN_OBJC_LITERAL_CONVERSION = YES;
				CLANG_WARN_OBJC_ROOT_CLASS = YES_ERROR;
				CLANG_WARN_QUOTED_INCLUDE_IN_FRAMEWORK_HEADER = YES;
				CLANG_WARN_RANGE_LOOP_ANALYSIS = YES;
				CLANG_WARN_STRICT_PROTOTYPES = YES;
				CLANG_WARN_SUSPICIOUS_MOVE = YES;
				CLANG_WARN_UNGUARDED_AVAILABILITY = YES_AGGRESSIVE;
				CLANG_WARN_UNREACHABLE_CODE = YES;
				CLANG_WARN__DUPLICATE_METHOD_MATCH = YES;
				COPY_PHASE_STRIP = NO;
				DEBUG_INFORMATION_FORMAT = dwarf;
				ENABLE_STRICT_OBJC_MSGSEND = YES;
				ENABLE_TESTABILITY = YES;
				GCC_C_LANGUAGE_STANDARD = gnu11;
				GCC_DYNAMIC_NO_PIC = NO;
				GCC_NO_COMMON_BLOCKS = YES;
				GCC_OPTIMIZATION_LEVEL = 0;
				GCC_PREPROCESSOR_DEFINITIONS = (
					"DEBUG=1",
					"$(inherited)",
				);
				GCC_WARN_64_TO_32_BIT_CONVERSION = YES;
				GCC_WARN_ABOUT_RETURN_TYPE = YES_ERROR;
				GCC_WARN_UNDECLARED_SELECTOR = YES;
				GCC_WARN_UNINITIALIZED_AUTOS = YES_AGGRESSIVE;
				GCC_WARN_UNUSED_FUNCTION = YES;
				GCC_WARN_UNUSED_VARIABLE = YES;
				IPHONEOS_DEPLOYMENT_TARGET = 16.1;
				MTL_ENABLE_DEBUG_INFO = INCLUDE_SOURCE;
				MTL_FAST_MATH = YES;
				ONLY_ACTIVE_ARCH = YES;
				SDKROOT = iphoneos;
				SWIFT_ACTIVE_COMPILATION_CONDITIONS = DEBUG;
				SWIFT_OPTIMIZATION_LEVEL = "-Onone";
			};
			name = Debug;
		};
		378B585129593FA400A235C3 /* Release */ = {
			isa = XCBuildConfiguration;
			buildSettings = {
				ALWAYS_SEARCH_USER_PATHS = NO;
				CLANG_ANALYZER_NONNULL = YES;
				CLANG_ANALYZER_NUMBER_OBJECT_CONVERSION = YES_AGGRESSIVE;
				CLANG_CXX_LANGUAGE_STANDARD = "gnu++20";
				CLANG_ENABLE_MODULES = YES;
				CLANG_ENABLE_OBJC_ARC = YES;
				CLANG_ENABLE_OBJC_WEAK = YES;
				CLANG_WARN_BLOCK_CAPTURE_AUTORELEASING = YES;
				CLANG_WARN_BOOL_CONVERSION = YES;
				CLANG_WARN_COMMA = YES;
				CLANG_WARN_CONSTANT_CONVERSION = YES;
				CLANG_WARN_DEPRECATED_OBJC_IMPLEMENTATIONS = YES;
				CLANG_WARN_DIRECT_OBJC_ISA_USAGE = YES_ERROR;
				CLANG_WARN_DOCUMENTATION_COMMENTS = YES;
				CLANG_WARN_EMPTY_BODY = YES;
				CLANG_WARN_ENUM_CONVERSION = YES;
				CLANG_WARN_INFINITE_RECURSION = YES;
				CLANG_WARN_INT_CONVERSION = YES;
				CLANG_WARN_NON_LITERAL_NULL_CONVERSION = YES;
				CLANG_WARN_OBJC_IMPLICIT_RETAIN_SELF = YES;
				CLANG_WARN_OBJC_LITERAL_CONVERSION = YES;
				CLANG_WARN_OBJC_ROOT_CLASS = YES_ERROR;
				CLANG_WARN_QUOTED_INCLUDE_IN_FRAMEWORK_HEADER = YES;
				CLANG_WARN_RANGE_LOOP_ANALYSIS = YES;
				CLANG_WARN_STRICT_PROTOTYPES = YES;
				CLANG_WARN_SUSPICIOUS_MOVE = YES;
				CLANG_WARN_UNGUARDED_AVAILABILITY = YES_AGGRESSIVE;
				CLANG_WARN_UNREACHABLE_CODE = YES;
				CLANG_WARN__DUPLICATE_METHOD_MATCH = YES;
				COPY_PHASE_STRIP = NO;
				DEBUG_INFORMATION_FORMAT = "dwarf-with-dsym";
				ENABLE_NS_ASSERTIONS = NO;
				ENABLE_STRICT_OBJC_MSGSEND = YES;
				GCC_C_LANGUAGE_STANDARD = gnu11;
				GCC_NO_COMMON_BLOCKS = YES;
				GCC_WARN_64_TO_32_BIT_CONVERSION = YES;
				GCC_WARN_ABOUT_RETURN_TYPE = YES_ERROR;
				GCC_WARN_UNDECLARED_SELECTOR = YES;
				GCC_WARN_UNINITIALIZED_AUTOS = YES_AGGRESSIVE;
				GCC_WARN_UNUSED_FUNCTION = YES;
				GCC_WARN_UNUSED_VARIABLE = YES;
				IPHONEOS_DEPLOYMENT_TARGET = 16.1;
				MTL_ENABLE_DEBUG_INFO = NO;
				MTL_FAST_MATH = YES;
				SDKROOT = iphoneos;
				SWIFT_COMPILATION_MODE = wholemodule;
				SWIFT_OPTIMIZATION_LEVEL = "-O";
				VALIDATE_PRODUCT = YES;
			};
			name = Release;
		};
		378B585329593FA400A235C3 /* Debug */ = {
			isa = XCBuildConfiguration;
			buildSettings = {
				ASSETCATALOG_COMPILER_APPICON_NAME = AppIcon;
				ASSETCATALOG_COMPILER_GLOBAL_ACCENT_COLOR_NAME = AccentColor;
				CODE_SIGN_STYLE = Automatic;
				CURRENT_PROJECT_VERSION = 1;
				DEVELOPMENT_ASSET_PATHS = "\"SwiftfulThinkingBootcamp/Preview Content\"";
				ENABLE_PREVIEWS = YES;
				GENERATE_INFOPLIST_FILE = YES;
				INFOPLIST_KEY_UIApplicationSceneManifest_Generation = YES;
				INFOPLIST_KEY_UIApplicationSupportsIndirectInputEvents = YES;
				INFOPLIST_KEY_UILaunchScreen_Generation = YES;
				INFOPLIST_KEY_UISupportedInterfaceOrientations_iPad = "UIInterfaceOrientationPortrait UIInterfaceOrientationPortraitUpsideDown UIInterfaceOrientationLandscapeLeft UIInterfaceOrientationLandscapeRight";
				INFOPLIST_KEY_UISupportedInterfaceOrientations_iPhone = "UIInterfaceOrientationPortrait UIInterfaceOrientationLandscapeLeft UIInterfaceOrientationLandscapeRight";
				LD_RUNPATH_SEARCH_PATHS = (
					"$(inherited)",
					"@executable_path/Frameworks",
				);
				MARKETING_VERSION = 1.0;
				PRODUCT_BUNDLE_IDENTIFIER = com.rifqimuhammadaziz.SwiftfulThinkingBootcamp;
				PRODUCT_NAME = "$(TARGET_NAME)";
				SWIFT_EMIT_LOC_STRINGS = YES;
				SWIFT_VERSION = 5.0;
				TARGETED_DEVICE_FAMILY = "1,2";
			};
			name = Debug;
		};
		378B585429593FA400A235C3 /* Release */ = {
			isa = XCBuildConfiguration;
			buildSettings = {
				ASSETCATALOG_COMPILER_APPICON_NAME = AppIcon;
				ASSETCATALOG_COMPILER_GLOBAL_ACCENT_COLOR_NAME = AccentColor;
				CODE_SIGN_STYLE = Automatic;
				CURRENT_PROJECT_VERSION = 1;
				DEVELOPMENT_ASSET_PATHS = "\"SwiftfulThinkingBootcamp/Preview Content\"";
				ENABLE_PREVIEWS = YES;
				GENERATE_INFOPLIST_FILE = YES;
				INFOPLIST_KEY_UIApplicationSceneManifest_Generation = YES;
				INFOPLIST_KEY_UIApplicationSupportsIndirectInputEvents = YES;
				INFOPLIST_KEY_UILaunchScreen_Generation = YES;
				INFOPLIST_KEY_UISupportedInterfaceOrientations_iPad = "UIInterfaceOrientationPortrait UIInterfaceOrientationPortraitUpsideDown UIInterfaceOrientationLandscapeLeft UIInterfaceOrientationLandscapeRight";
				INFOPLIST_KEY_UISupportedInterfaceOrientations_iPhone = "UIInterfaceOrientationPortrait UIInterfaceOrientationLandscapeLeft UIInterfaceOrientationLandscapeRight";
				LD_RUNPATH_SEARCH_PATHS = (
					"$(inherited)",
					"@executable_path/Frameworks",
				);
				MARKETING_VERSION = 1.0;
				PRODUCT_BUNDLE_IDENTIFIER = com.rifqimuhammadaziz.SwiftfulThinkingBootcamp;
				PRODUCT_NAME = "$(TARGET_NAME)";
				SWIFT_EMIT_LOC_STRINGS = YES;
				SWIFT_VERSION = 5.0;
				TARGETED_DEVICE_FAMILY = "1,2";
			};
			name = Release;
		};
/* End XCBuildConfiguration section */

/* Begin XCConfigurationList section */
		378B583F29593FA200A235C3 /* Build configuration list for PBXProject "SwiftfulThinkingBootcamp" */ = {
			isa = XCConfigurationList;
			buildConfigurations = (
				378B585029593FA400A235C3 /* Debug */,
				378B585129593FA400A235C3 /* Release */,
			);
			defaultConfigurationIsVisible = 0;
			defaultConfigurationName = Release;
		};
		378B585229593FA400A235C3 /* Build configuration list for PBXNativeTarget "SwiftfulThinkingBootcamp" */ = {
			isa = XCConfigurationList;
			buildConfigurations = (
				378B585329593FA400A235C3 /* Debug */,
				378B585429593FA400A235C3 /* Release */,
			);
			defaultConfigurationIsVisible = 0;
			defaultConfigurationName = Release;
		};
/* End XCConfigurationList section */
	};
	rootObject = 378B583C29593FA200A235C3 /* Project object */;
}
