// !$*UTF8*$!
{
	archiveVersion = 1;
	classes = {
	};
	objectVersion = 56;
	objects = {

/* Begin PBXBuildFile section */
		3779E5E3294CAD4B00E25394 /* DragGestureApp.swift in Sources */ = {isa = PBXBuildFile; fileRef = 3779E5E2294CAD4B00E25394 /* DragGestureApp.swift */; };
		3779E5E5294CAD4B00E25394 /* ContentView.swift in Sources */ = {isa = PBXBuildFile; fileRef = 3779E5E4294CAD4B00E25394 /* ContentView.swift */; };
		3779E5E7294CAD4C00E25394 /* Assets.xcassets in Resources */ = {isa = PBXBuildFile; fileRef = 3779E5E6294CAD4C00E25394 /* Assets.xcassets */; };
		3779E5EA294CAD4C00E25394 /* Preview Assets.xcassets in Resources */ = {isa = PBXBuildFile; fileRef = 3779E5E9294CAD4C00E25394 /* Preview Assets.xcassets */; };
		3779E5F4294CAD4C00E25394 /* DragGestureTests.swift in Sources */ = {isa = PBXBuildFile; fileRef = 3779E5F3294CAD4C00E25394 /* DragGestureTests.swift */; };
		3779E5FE294CAD4C00E25394 /* DragGestureUITests.swift in Sources */ = {isa = PBXBuildFile; fileRef = 3779E5FD294CAD4C00E25394 /* DragGestureUITests.swift */; };
		3779E600294CAD4C00E25394 /* DragGestureUITestsLaunchTests.swift in Sources */ = {isa = PBXBuildFile; fileRef = 3779E5FF294CAD4C00E25394 /* DragGestureUITestsLaunchTests.swift */; };
/* End PBXBuildFile section */

/* Begin PBXContainerItemProxy section */
		3779E5F0294CAD4C00E25394 /* PBXContainerItemProxy */ = {
			isa = PBXContainerItemProxy;
			containerPortal = 3779E5D7294CAD4B00E25394 /* Project object */;
			proxyType = 1;
			remoteGlobalIDString = 3779E5DE294CAD4B00E25394;
			remoteInfo = DragGesture;
		};
		3779E5FA294CAD4C00E25394 /* PBXContainerItemProxy */ = {
			isa = PBXContainerItemProxy;
			containerPortal = 3779E5D7294CAD4B00E25394 /* Project object */;
			proxyType = 1;
			remoteGlobalIDString = 3779E5DE294CAD4B00E25394;
			remoteInfo = DragGesture;
		};
/* End PBXContainerItemProxy section */

/* Begin PBXFileReference section */
		3779E5DF294CAD4B00E25394 /* DragGesture.app */ = {isa = PBXFileReference; explicitFileType = wrapper.application; includeInIndex = 0; path = DragGesture.app; sourceTree = BUILT_PRODUCTS_DIR; };
		3779E5E2294CAD4B00E25394 /* DragGestureApp.swift */ = {isa = PBXFileReference; lastKnownFileType = sourcecode.swift; path = DragGestureApp.swift; sourceTree = "<group>"; };
		3779E5E4294CAD4B00E25394 /* ContentView.swift */ = {isa = PBXFileReference; lastKnownFileType = sourcecode.swift; path = ContentView.swift; sourceTree = "<group>"; };
		3779E5E6294CAD4C00E25394 /* Assets.xcassets */ = {isa = PBXFileReference; lastKnownFileType = folder.assetcatalog; path = Assets.xcassets; sourceTree = "<group>"; };
		3779E5E9294CAD4C00E25394 /* Preview Assets.xcassets */ = {isa = PBXFileReference; lastKnownFileType = folder.assetcatalog; path = "Preview Assets.xcassets"; sourceTree = "<group>"; };
		3779E5EF294CAD4C00E25394 /* DragGestureTests.xctest */ = {isa = PBXFileReference; explicitFileType = wrapper.cfbundle; includeInIndex = 0; path = DragGestureTests.xctest; sourceTree = BUILT_PRODUCTS_DIR; };
		3779E5F3294CAD4C00E25394 /* DragGestureTests.swift */ = {isa = PBXFileReference; lastKnownFileType = sourcecode.swift; path = DragGestureTests.swift; sourceTree = "<group>"; };
		3779E5F9294CAD4C00E25394 /* DragGestureUITests.xctest */ = {isa = PBXFileReference; explicitFileType = wrapper.cfbundle; includeInIndex = 0; path = DragGestureUITests.xctest; sourceTree = BUILT_PRODUCTS_DIR; };
		3779E5FD294CAD4C00E25394 /* DragGestureUITests.swift */ = {isa = PBXFileReference; lastKnownFileType = sourcecode.swift; path = DragGestureUITests.swift; sourceTree = "<group>"; };
		3779E5FF294CAD4C00E25394 /* DragGestureUITestsLaunchTests.swift */ = {isa = PBXFileReference; lastKnownFileType = sourcecode.swift; path = DragGestureUITestsLaunchTests.swift; sourceTree = "<group>"; };
/* End PBXFileReference section */

/* Begin PBXFrameworksBuildPhase section */
		3779E5DC294CAD4B00E25394 /* Frameworks */ = {
			isa = PBXFrameworksBuildPhase;
			buildActionMask = 2147483647;
			files = (
			);
			runOnlyForDeploymentPostprocessing = 0;
		};
		3779E5EC294CAD4C00E25394 /* Frameworks */ = {
			isa = PBXFrameworksBuildPhase;
			buildActionMask = 2147483647;
			files = (
			);
			runOnlyForDeploymentPostprocessing = 0;
		};
		3779E5F6294CAD4C00E25394 /* Frameworks */ = {
			isa = PBXFrameworksBuildPhase;
			buildActionMask = 2147483647;
			files = (
			);
			runOnlyForDeploymentPostprocessing = 0;
		};
/* End PBXFrameworksBuildPhase section */

/* Begin PBXGroup section */
		3779E5D6294CAD4B00E25394 = {
			isa = PBXGroup;
			children = (
				3779E5E1294CAD4B00E25394 /* DragGesture */,
				3779E5F2294CAD4C00E25394 /* DragGestureTests */,
				3779E5FC294CAD4C00E25394 /* DragGestureUITests */,
				3779E5E0294CAD4B00E25394 /* Products */,
			);
			sourceTree = "<group>";
		};
		3779E5E0294CAD4B00E25394 /* Products */ = {
			isa = PBXGroup;
			children = (
				3779E5DF294CAD4B00E25394 /* DragGesture.app */,
				3779E5EF294CAD4C00E25394 /* DragGestureTests.xctest */,
				3779E5F9294CAD4C00E25394 /* DragGestureUITests.xctest */,
			);
			name = Products;
			sourceTree = "<group>";
		};
		3779E5E1294CAD4B00E25394 /* DragGesture */ = {
			isa = PBXGroup;
			children = (
				3779E5E2294CAD4B00E25394 /* DragGestureApp.swift */,
				3779E5E4294CAD4B00E25394 /* ContentView.swift */,
				3779E5E6294CAD4C00E25394 /* Assets.xcassets */,
				3779E5E8294CAD4C00E25394 /* Preview Content */,
			);
			path = DragGesture;
			sourceTree = "<group>";
		};
		3779E5E8294CAD4C00E25394 /* Preview Content */ = {
			isa = PBXGroup;
			children = (
				3779E5E9294CAD4C00E25394 /* Preview Assets.xcassets */,
			);
			path = "Preview Content";
			sourceTree = "<group>";
		};
		3779E5F2294CAD4C00E25394 /* DragGestureTests */ = {
			isa = PBXGroup;
			children = (
				3779E5F3294CAD4C00E25394 /* DragGestureTests.swift */,
			);
			path = DragGestureTests;
			sourceTree = "<group>";
		};
		3779E5FC294CAD4C00E25394 /* DragGestureUITests */ = {
			isa = PBXGroup;
			children = (
				3779E5FD294CAD4C00E25394 /* DragGestureUITests.swift */,
				3779E5FF294CAD4C00E25394 /* DragGestureUITestsLaunchTests.swift */,
			);
			path = DragGestureUITests;
			sourceTree = "<group>";
		};
/* End PBXGroup section */

/* Begin PBXNativeTarget section */
		3779E5DE294CAD4B00E25394 /* DragGesture */ = {
			isa = PBXNativeTarget;
			buildConfigurationList = 3779E603294CAD4C00E25394 /* Build configuration list for PBXNativeTarget "DragGesture" */;
			buildPhases = (
				3779E5DB294CAD4B00E25394 /* Sources */,
				3779E5DC294CAD4B00E25394 /* Frameworks */,
				3779E5DD294CAD4B00E25394 /* Resources */,
			);
			buildRules = (
			);
			dependencies = (
			);
			name = DragGesture;
			productName = DragGesture;
			productReference = 3779E5DF294CAD4B00E25394 /* DragGesture.app */;
			productType = "com.apple.product-type.application";
		};
		3779E5EE294CAD4C00E25394 /* DragGestureTests */ = {
			isa = PBXNativeTarget;
			buildConfigurationList = 3779E606294CAD4C00E25394 /* Build configuration list for PBXNativeTarget "DragGestureTests" */;
			buildPhases = (
				3779E5EB294CAD4C00E25394 /* Sources */,
				3779E5EC294CAD4C00E25394 /* Frameworks */,
				3779E5ED294CAD4C00E25394 /* Resources */,
			);
			buildRules = (
			);
			dependencies = (
				3779E5F1294CAD4C00E25394 /* PBXTargetDependency */,
			);
			name = DragGestureTests;
			productName = DragGestureTests;
			productReference = 3779E5EF294CAD4C00E25394 /* DragGestureTests.xctest */;
			productType = "com.apple.product-type.bundle.unit-test";
		};
		3779E5F8294CAD4C00E25394 /* DragGestureUITests */ = {
			isa = PBXNativeTarget;
			buildConfigurationList = 3779E609294CAD4C00E25394 /* Build configuration list for PBXNativeTarget "DragGestureUITests" */;
			buildPhases = (
				3779E5F5294CAD4C00E25394 /* Sources */,
				3779E5F6294CAD4C00E25394 /* Frameworks */,
				3779E5F7294CAD4C00E25394 /* Resources */,
			);
			buildRules = (
			);
			dependencies = (
				3779E5FB294CAD4C00E25394 /* PBXTargetDependency */,
			);
			name = DragGestureUITests;
			productName = DragGestureUITests;
			productReference = 3779E5F9294CAD4C00E25394 /* DragGestureUITests.xctest */;
			productType = "com.apple.product-type.bundle.ui-testing";
		};
/* End PBXNativeTarget section */

/* Begin PBXProject section */
		3779E5D7294CAD4B00E25394 /* Project object */ = {
			isa = PBXProject;
			attributes = {
				BuildIndependentTargetsInParallel = 1;
				LastSwiftUpdateCheck = 1410;
				LastUpgradeCheck = 1410;
				TargetAttributes = {
					3779E5DE294CAD4B00E25394 = {
						CreatedOnToolsVersion = 14.1;
					};
					3779E5EE294CAD4C00E25394 = {
						CreatedOnToolsVersion = 14.1;
						TestTargetID = 3779E5DE294CAD4B00E25394;
					};
					3779E5F8294CAD4C00E25394 = {
						CreatedOnToolsVersion = 14.1;
						TestTargetID = 3779E5DE294CAD4B00E25394;
					};
				};
			};
			buildConfigurationList = 3779E5DA294CAD4B00E25394 /* Build configuration list for PBXProject "DragGesture" */;
			compatibilityVersion = "Xcode 14.0";
			developmentRegion = en;
			hasScannedForEncodings = 0;
			knownRegions = (
				en,
				Base,
			);
			mainGroup = 3779E5D6294CAD4B00E25394;
			productRefGroup = 3779E5E0294CAD4B00E25394 /* Products */;
			projectDirPath = "";
			projectRoot = "";
			targets = (
				3779E5DE294CAD4B00E25394 /* DragGesture */,
				3779E5EE294CAD4C00E25394 /* DragGestureTests */,
				3779E5F8294CAD4C00E25394 /* DragGestureUITests */,
			);
		};
/* End PBXProject section */

/* Begin PBXResourcesBuildPhase section */
		3779E5DD294CAD4B00E25394 /* Resources */ = {
			isa = PBXResourcesBuildPhase;
			buildActionMask = 2147483647;
			files = (
				3779E5EA294CAD4C00E25394 /* Preview Assets.xcassets in Resources */,
				3779E5E7294CAD4C00E25394 /* Assets.xcassets in Resources */,
			);
			runOnlyForDeploymentPostprocessing = 0;
		};
		3779E5ED294CAD4C00E25394 /* Resources */ = {
			isa = PBXResourcesBuildPhase;
			buildActionMask = 2147483647;
			files = (
			);
			runOnlyForDeploymentPostprocessing = 0;
		};
		3779E5F7294CAD4C00E25394 /* Resources */ = {
			isa = PBXResourcesBuildPhase;
			buildActionMask = 2147483647;
			files = (
			);
			runOnlyForDeploymentPostprocessing = 0;
		};
/* End PBXResourcesBuildPhase section */

/* Begin PBXSourcesBuildPhase section */
		3779E5DB294CAD4B00E25394 /* Sources */ = {
			isa = PBXSourcesBuildPhase;
			buildActionMask = 2147483647;
			files = (
				3779E5E5294CAD4B00E25394 /* ContentView.swift in Sources */,
				3779E5E3294CAD4B00E25394 /* DragGestureApp.swift in Sources */,
			);
			runOnlyForDeploymentPostprocessing = 0;
		};
		3779E5EB294CAD4C00E25394 /* Sources */ = {
			isa = PBXSourcesBuildPhase;
			buildActionMask = 2147483647;
			files = (
				3779E5F4294CAD4C00E25394 /* DragGestureTests.swift in Sources */,
			);
			runOnlyForDeploymentPostprocessing = 0;
		};
		3779E5F5294CAD4C00E25394 /* Sources */ = {
			isa = PBXSourcesBuildPhase;
			buildActionMask = 2147483647;
			files = (
				3779E600294CAD4C00E25394 /* DragGestureUITestsLaunchTests.swift in Sources */,
				3779E5FE294CAD4C00E25394 /* DragGestureUITests.swift in Sources */,
			);
			runOnlyForDeploymentPostprocessing = 0;
		};
/* End PBXSourcesBuildPhase section */

/* Begin PBXTargetDependency section */
		3779E5F1294CAD4C00E25394 /* PBXTargetDependency */ = {
			isa = PBXTargetDependency;
			target = 3779E5DE294CAD4B00E25394 /* DragGesture */;
			targetProxy = 3779E5F0294CAD4C00E25394 /* PBXContainerItemProxy */;
		};
		3779E5FB294CAD4C00E25394 /* PBXTargetDependency */ = {
			isa = PBXTargetDependency;
			target = 3779E5DE294CAD4B00E25394 /* DragGesture */;
			targetProxy = 3779E5FA294CAD4C00E25394 /* PBXContainerItemProxy */;
		};
/* End PBXTargetDependency section */

/* Begin XCBuildConfiguration section */
		3779E601294CAD4C00E25394 /* Debug */ = {
			isa = XCBuildConfiguration;
			buildSettings = {
				ALWAYS_SEARCH_USER_PATHS = NO;
				CLANG_ANALYZER_NONNULL = YES;
				CLANG_ANALYZER_NUMBER_OBJECT_CONVERSION = YES_AGGRESSIVE;
				CLANG_CXX_LANGUAGE_STANDARD = "gnu++20";
				CLANG_ENABLE_MODULES = YES;
				CLANG_ENABLE_OBJC_ARC = YES;
				CLANG_ENABLE_OBJC_WEAK = YES;
				CLANG_WARN_BLOCK_CAPTURE_AUTORELEASING = YES;
				CLANG_WARN_BOOL_CONVERSION = YES;
				CLANG_WARN_COMMA = YES;
				CLANG_WARN_CONSTANT_CONVERSION = YES;
				CLANG_WARN_DEPRECATED_OBJC_IMPLEMENTATIONS = YES;
				CLANG_WARN_DIRECT_OBJC_ISA_USAGE = YES_ERROR;
				CLANG_WARN_DOCUMENTATION_COMMENTS = YES;
				CLANG_WARN_EMPTY_BODY = YES;
				CLANG_WARN_ENUM_CONVERSION = YES;
				CLANG_WARN_INFINITE_RECURSION = YES;
				CLANG_WARN_INT_CONVERSION = YES;
				CLANG_WARN_NON_LITERAL_NULL_CONVERSION = YES;
				CLANG_WARN_OBJC_IMPLICIT_RETAIN_SELF = YES;
				CLANG_WARN_OBJC_LITERAL_CONVERSION = YES;
				CLANG_WARN_OBJC_ROOT_CLASS = YES_ERROR;
				CLANG_WARN_QUOTED_INCLUDE_IN_FRAMEWORK_HEADER = YES;
				CLANG_WARN_RANGE_LOOP_ANALYSIS = YES;
				CLANG_WARN_STRICT_PROTOTYPES = YES;
				CLANG_WARN_SUSPICIOUS_MOVE = YES;
				CLANG_WARN_UNGUARDED_AVAILABILITY = YES_AGGRESSIVE;
				CLANG_WARN_UNREACHABLE_CODE = YES;
				CLANG_WARN__DUPLICATE_METHOD_MATCH = YES;
				COPY_PHASE_STRIP = NO;
				DEBUG_INFORMATION_FORMAT = dwarf;
				ENABLE_STRICT_OBJC_MSGSEND = YES;
				ENABLE_TESTABILITY = YES;
				GCC_C_LANGUAGE_STANDARD = gnu11;
				GCC_DYNAMIC_NO_PIC = NO;
				GCC_NO_COMMON_BLOCKS = YES;
				GCC_OPTIMIZATION_LEVEL = 0;
				GCC_PREPROCESSOR_DEFINITIONS = (
					"DEBUG=1",
					"$(inherited)",
				);
				GCC_WARN_64_TO_32_BIT_CONVERSION = YES;
				GCC_WARN_ABOUT_RETURN_TYPE = YES_ERROR;
				GCC_WARN_UNDECLARED_SELECTOR = YES;
				GCC_WARN_UNINITIALIZED_AUTOS = YES_AGGRESSIVE;
				GCC_WARN_UNUSED_FUNCTION = YES;
				GCC_WARN_UNUSED_VARIABLE = YES;
				IPHONEOS_DEPLOYMENT_TARGET = 16.1;
				MTL_ENABLE_DEBUG_INFO = INCLUDE_SOURCE;
				MTL_FAST_MATH = YES;
				ONLY_ACTIVE_ARCH = YES;
				SDKROOT = iphoneos;
				SWIFT_ACTIVE_COMPILATION_CONDITIONS = DEBUG;
				SWIFT_OPTIMIZATION_LEVEL = "-Onone";
			};
			name = Debug;
		};
		3779E602294CAD4C00E25394 /* Release */ = {
			isa = XCBuildConfiguration;
			buildSettings = {
				ALWAYS_SEARCH_USER_PATHS = NO;
				CLANG_ANALYZER_NONNULL = YES;
				CLANG_ANALYZER_NUMBER_OBJECT_CONVERSION = YES_AGGRESSIVE;
				CLANG_CXX_LANGUAGE_STANDARD = "gnu++20";
				CLANG_ENABLE_MODULES = YES;
				CLANG_ENABLE_OBJC_ARC = YES;
				CLANG_ENABLE_OBJC_WEAK = YES;
				CLANG_WARN_BLOCK_CAPTURE_AUTORELEASING = YES;
				CLANG_WARN_BOOL_CONVERSION = YES;
				CLANG_WARN_COMMA = YES;
				CLANG_WARN_CONSTANT_CONVERSION = YES;
				CLANG_WARN_DEPRECATED_OBJC_IMPLEMENTATIONS = YES;
				CLANG_WARN_DIRECT_OBJC_ISA_USAGE = YES_ERROR;
				CLANG_WARN_DOCUMENTATION_COMMENTS = YES;
				CLANG_WARN_EMPTY_BODY = YES;
				CLANG_WARN_ENUM_CONVERSION = YES;
				CLANG_WARN_INFINITE_RECURSION = YES;
				CLANG_WARN_INT_CONVERSION = YES;
				CLANG_WARN_NON_LITERAL_NULL_CONVERSION = YES;
				CLANG_WARN_OBJC_IMPLICIT_RETAIN_SELF = YES;
				CLANG_WARN_OBJC_LITERAL_CONVERSION = YES;
				CLANG_WARN_OBJC_ROOT_CLASS = YES_ERROR;
				CLANG_WARN_QUOTED_INCLUDE_IN_FRAMEWORK_HEADER = YES;
				CLANG_WARN_RANGE_LOOP_ANALYSIS = YES;
				CLANG_WARN_STRICT_PROTOTYPES = YES;
				CLANG_WARN_SUSPICIOUS_MOVE = YES;
				CLANG_WARN_UNGUARDED_AVAILABILITY = YES_AGGRESSIVE;
				CLANG_WARN_UNREACHABLE_CODE = YES;
				CLANG_WARN__DUPLICATE_METHOD_MATCH = YES;
				COPY_PHASE_STRIP = NO;
				DEBUG_INFORMATION_FORMAT = "dwarf-with-dsym";
				ENABLE_NS_ASSERTIONS = NO;
				ENABLE_STRICT_OBJC_MSGSEND = YES;
				GCC_C_LANGUAGE_STANDARD = gnu11;
				GCC_NO_COMMON_BLOCKS = YES;
				GCC_WARN_64_TO_32_BIT_CONVERSION = YES;
				GCC_WARN_ABOUT_RETURN_TYPE = YES_ERROR;
				GCC_WARN_UNDECLARED_SELECTOR = YES;
				GCC_WARN_UNINITIALIZED_AUTOS = YES_AGGRESSIVE;
				GCC_WARN_UNUSED_FUNCTION = YES;
				GCC_WARN_UNUSED_VARIABLE = YES;
				IPHONEOS_DEPLOYMENT_TARGET = 16.1;
				MTL_ENABLE_DEBUG_INFO = NO;
				MTL_FAST_MATH = YES;
				SDKROOT = iphoneos;
				SWIFT_COMPILATION_MODE = wholemodule;
				SWIFT_OPTIMIZATION_LEVEL = "-O";
				VALIDATE_PRODUCT = YES;
			};
			name = Release;
		};
		3779E604294CAD4C00E25394 /* Debug */ = {
			isa = XCBuildConfiguration;
			buildSettings = {
				ASSETCATALOG_COMPILER_APPICON_NAME = AppIcon;
				ASSETCATALOG_COMPILER_GLOBAL_ACCENT_COLOR_NAME = AccentColor;
				CODE_SIGN_STYLE = Automatic;
				CURRENT_PROJECT_VERSION = 1;
				DEVELOPMENT_ASSET_PATHS = "\"DragGesture/Preview Content\"";
				ENABLE_PREVIEWS = YES;
				GENERATE_INFOPLIST_FILE = YES;
				INFOPLIST_KEY_UIApplicationSceneManifest_Generation = YES;
				INFOPLIST_KEY_UIApplicationSupportsIndirectInputEvents = YES;
				INFOPLIST_KEY_UILaunchScreen_Generation = YES;
				INFOPLIST_KEY_UISupportedInterfaceOrientations_iPad = "UIInterfaceOrientationPortrait UIInterfaceOrientationPortraitUpsideDown UIInterfaceOrientationLandscapeLeft UIInterfaceOrientationLandscapeRight";
				INFOPLIST_KEY_UISupportedInterfaceOrientations_iPhone = "UIInterfaceOrientationPortrait UIInterfaceOrientationLandscapeLeft UIInterfaceOrientationLandscapeRight";
				LD_RUNPATH_SEARCH_PATHS = (
					"$(inherited)",
					"@executable_path/Frameworks",
				);
				MARKETING_VERSION = 1.0;
				PRODUCT_BUNDLE_IDENTIFIER = com.rifqimuhammadaziz.DragGesture;
				PRODUCT_NAME = "$(TARGET_NAME)";
				SWIFT_EMIT_LOC_STRINGS = YES;
				SWIFT_VERSION = 5.0;
				TARGETED_DEVICE_FAMILY = "1,2";
			};
			name = Debug;
		};
		3779E605294CAD4C00E25394 /* Release */ = {
			isa = XCBuildConfiguration;
			buildSettings = {
				ASSETCATALOG_COMPILER_APPICON_NAME = AppIcon;
				ASSETCATALOG_COMPILER_GLOBAL_ACCENT_COLOR_NAME = AccentColor;
				CODE_SIGN_STYLE = Automatic;
				CURRENT_PROJECT_VERSION = 1;
				DEVELOPMENT_ASSET_PATHS = "\"DragGesture/Preview Content\"";
				ENABLE_PREVIEWS = YES;
				GENERATE_INFOPLIST_FILE = YES;
				INFOPLIST_KEY_UIApplicationSceneManifest_Generation = YES;
				INFOPLIST_KEY_UIApplicationSupportsIndirectInputEvents = YES;
				INFOPLIST_KEY_UILaunchScreen_Generation = YES;
				INFOPLIST_KEY_UISupportedInterfaceOrientations_iPad = "UIInterfaceOrientationPortrait UIInterfaceOrientationPortraitUpsideDown UIInterfaceOrientationLandscapeLeft UIInterfaceOrientationLandscapeRight";
				INFOPLIST_KEY_UISupportedInterfaceOrientations_iPhone = "UIInterfaceOrientationPortrait UIInterfaceOrientationLandscapeLeft UIInterfaceOrientationLandscapeRight";
				LD_RUNPATH_SEARCH_PATHS = (
					"$(inherited)",
					"@executable_path/Frameworks",
				);
				MARKETING_VERSION = 1.0;
				PRODUCT_BUNDLE_IDENTIFIER = com.rifqimuhammadaziz.DragGesture;
				PRODUCT_NAME = "$(TARGET_NAME)";
				SWIFT_EMIT_LOC_STRINGS = YES;
				SWIFT_VERSION = 5.0;
				TARGETED_DEVICE_FAMILY = "1,2";
			};
			name = Release;
		};
		3779E607294CAD4C00E25394 /* Debug */ = {
			isa = XCBuildConfiguration;
			buildSettings = {
				ALWAYS_EMBED_SWIFT_STANDARD_LIBRARIES = YES;
				BUNDLE_LOADER = "$(TEST_HOST)";
				CODE_SIGN_STYLE = Automatic;
				CURRENT_PROJECT_VERSION = 1;
				GENERATE_INFOPLIST_FILE = YES;
				IPHONEOS_DEPLOYMENT_TARGET = 16.1;
				MARKETING_VERSION = 1.0;
				PRODUCT_BUNDLE_IDENTIFIER = com.rifqimuhammadaziz.DragGestureTests;
				PRODUCT_NAME = "$(TARGET_NAME)";
				SWIFT_EMIT_LOC_STRINGS = NO;
				SWIFT_VERSION = 5.0;
				TARGETED_DEVICE_FAMILY = "1,2";
				TEST_HOST = "$(BUILT_PRODUCTS_DIR)/DragGesture.app/$(BUNDLE_EXECUTABLE_FOLDER_PATH)/DragGesture";
			};
			name = Debug;
		};
		3779E608294CAD4C00E25394 /* Release */ = {
			isa = XCBuildConfiguration;
			buildSettings = {
				ALWAYS_EMBED_SWIFT_STANDARD_LIBRARIES = YES;
				BUNDLE_LOADER = "$(TEST_HOST)";
				CODE_SIGN_STYLE = Automatic;
				CURRENT_PROJECT_VERSION = 1;
				GENERATE_INFOPLIST_FILE = YES;
				IPHONEOS_DEPLOYMENT_TARGET = 16.1;
				MARKETING_VERSION = 1.0;
				PRODUCT_BUNDLE_IDENTIFIER = com.rifqimuhammadaziz.DragGestureTests;
				PRODUCT_NAME = "$(TARGET_NAME)";
				SWIFT_EMIT_LOC_STRINGS = NO;
				SWIFT_VERSION = 5.0;
				TARGETED_DEVICE_FAMILY = "1,2";
				TEST_HOST = "$(BUILT_PRODUCTS_DIR)/DragGesture.app/$(BUNDLE_EXECUTABLE_FOLDER_PATH)/DragGesture";
			};
			name = Release;
		};
		3779E60A294CAD4C00E25394 /* Debug */ = {
			isa = XCBuildConfiguration;
			buildSettings = {
				ALWAYS_EMBED_SWIFT_STANDARD_LIBRARIES = YES;
				CODE_SIGN_STYLE = Automatic;
				CURRENT_PROJECT_VERSION = 1;
				GENERATE_INFOPLIST_FILE = YES;
				MARKETING_VERSION = 1.0;
				PRODUCT_BUNDLE_IDENTIFIER = com.rifqimuhammadaziz.DragGestureUITests;
				PRODUCT_NAME = "$(TARGET_NAME)";
				SWIFT_EMIT_LOC_STRINGS = NO;
				SWIFT_VERSION = 5.0;
				TARGETED_DEVICE_FAMILY = "1,2";
				TEST_TARGET_NAME = DragGesture;
			};
			name = Debug;
		};
		3779E60B294CAD4C00E25394 /* Release */ = {
			isa = XCBuildConfiguration;
			buildSettings = {
				ALWAYS_EMBED_SWIFT_STANDARD_LIBRARIES = YES;
				CODE_SIGN_STYLE = Automatic;
				CURRENT_PROJECT_VERSION = 1;
				GENERATE_INFOPLIST_FILE = YES;
				MARKETING_VERSION = 1.0;
				PRODUCT_BUNDLE_IDENTIFIER = com.rifqimuhammadaziz.DragGestureUITests;
				PRODUCT_NAME = "$(TARGET_NAME)";
				SWIFT_EMIT_LOC_STRINGS = NO;
				SWIFT_VERSION = 5.0;
				TARGETED_DEVICE_FAMILY = "1,2";
				TEST_TARGET_NAME = DragGesture;
			};
			name = Release;
		};
/* End XCBuildConfiguration section */

/* Begin XCConfigurationList section */
		3779E5DA294CAD4B00E25394 /* Build configuration list for PBXProject "DragGesture" */ = {
			isa = XCConfigurationList;
			buildConfigurations = (
				3779E601294CAD4C00E25394 /* Debug */,
				3779E602294CAD4C00E25394 /* Release */,
			);
			defaultConfigurationIsVisible = 0;
			defaultConfigurationName = Release;
		};
		3779E603294CAD4C00E25394 /* Build configuration list for PBXNativeTarget "DragGesture" */ = {
			isa = XCConfigurationList;
			buildConfigurations = (
				3779E604294CAD4C00E25394 /* Debug */,
				3779E605294CAD4C00E25394 /* Release */,
			);
			defaultConfigurationIsVisible = 0;
			defaultConfigurationName = Release;
		};
		3779E606294CAD4C00E25394 /* Build configuration list for PBXNativeTarget "DragGestureTests" */ = {
			isa = XCConfigurationList;
			buildConfigurations = (
				3779E607294CAD4C00E25394 /* Debug */,
				3779E608294CAD4C00E25394 /* Release */,
			);
			defaultConfigurationIsVisible = 0;
			defaultConfigurationName = Release;
		};
		3779E609294CAD4C00E25394 /* Build configuration list for PBXNativeTarget "DragGestureUITests" */ = {
			isa = XCConfigurationList;
			buildConfigurations = (
				3779E60A294CAD4C00E25394 /* Debug */,
				3779E60B294CAD4C00E25394 /* Release */,
			);
			defaultConfigurationIsVisible = 0;
			defaultConfigurationName = Release;
		};
/* End XCConfigurationList section */
	};
	rootObject = 3779E5D7294CAD4B00E25394 /* Project object */;
}
